{
  "name": "webviews",
  "lockfileVersion": 3,
  "requires": true,
  "packages": {
    "": {
      "dependencies": {
        "@geoffcox/svelte-splitter": "^1.0.1"
      }
    },
    "node_modules/@geoffcox/svelte-splitter": {
      "version": "1.0.1",
      "resolved": "https://registry.npmjs.org/@geoffcox/svelte-splitter/-/svelte-splitter-1.0.1.tgz",
      "integrity": "sha512-iWDNDnuNhsB6tKMGqjXStRhytALlB+/KBQ82T4xSjDndQsrN0CKspdMiu21RUj0AQoDxv3yzAqgp3bwEnF5SCQ=="
    }
  }
}
